
Microsoft Visual Studio Solution File, Format Version 12.00
# Visual Studio Version 16
VisualStudioVersion = 16.0.31105.61
MinimumVisualStudioVersion = 10.0.40219.1
Project("{9A19103F-16F7-4668-BE54-9A1E7A4F7556}") = "DataBase", "DataBase\DataBase.csproj", "{F048F798-B16B-4EC0-A0A3-6716B19FE344}"
EndProject
Project("{9A19103F-16F7-4668-BE54-9A1E7A4F7556}") = "Repository", "Repository\Repository.csproj", "{F00D3076-85E9-4308-8BB7-C9512EE12CE4}"
EndProject
Project("{9A19103F-16F7-4668-BE54-9A1E7A4F7556}") = "UoW", "UoW\UoW.csproj", "{F3F27A8A-DFB6-440B-8148-B91BD5817E6F}"
EndProject
Project("{2150E333-8FDC-42A3-9474-1A3956D46DE8}") = "DAL_Level", "DAL_Level", "{59604AB5-E6A5-4214-9735-C731B132B75B}"
EndProject
Project("{2150E333-8FDC-42A3-9474-1A3956D46DE8}") = "BLL_Level", "BLL_Level", "{3863FE49-B8A9-4876-88D9-1A65C26DD00A}"
EndProject
Project("{2150E333-8FDC-42A3-9474-1A3956D46DE8}") = "PL_Level", "PL_Level", "{53FAF5CB-C248-4EE3-B185-A5FDBB88483E}"
EndProject
Project("{9A19103F-16F7-4668-BE54-9A1E7A4F7556}") = "ViewModels", "ViewModels\ViewModels.csproj", "{949DD6B9-C84F-445F-83D0-95FEB9395808}"
EndProject
Project("{9A19103F-16F7-4668-BE54-9A1E7A4F7556}") = "CommandsAndQueries", "CommandsAndQueries\CommandsAndQueries.csproj", "{1F60604F-2506-474A-B661-D55F1D1E38CE}"
EndProject
Project("{9A19103F-16F7-4668-BE54-9A1E7A4F7556}") = "BLL_Modules", "BLL_Modules\BLL_Modules.csproj", "{3479F2DF-143F-4158-A965-CDB32B8510E4}"
EndProject
Project("{9A19103F-16F7-4668-BE54-9A1E7A4F7556}") = "UI.WebAPI", "UI.WebAPI\UI.WebAPI.csproj", "{F8645ED4-8C3A-4C88-A0CA-42C6D9F11113}"
EndProject
Project("{FAE04EC0-301F-11D3-BF4B-00C04F79EFBC}") = "BLL.Tests", "BLL.Tests\BLL.Tests.csproj", "{A1ADF017-7F42-4EF0-BA4C-F901BB9AB713}"
EndProject
Global
	GlobalSection(SolutionConfigurationPlatforms) = preSolution
		Debug|Any CPU = Debug|Any CPU
		Release|Any CPU = Release|Any CPU
	EndGlobalSection
	GlobalSection(ProjectConfigurationPlatforms) = postSolution
		{F048F798-B16B-4EC0-A0A3-6716B19FE344}.Debug|Any CPU.ActiveCfg = Debug|Any CPU
		{F048F798-B16B-4EC0-A0A3-6716B19FE344}.Debug|Any CPU.Build.0 = Debug|Any CPU
		{F048F798-B16B-4EC0-A0A3-6716B19FE344}.Release|Any CPU.ActiveCfg = Release|Any CPU
		{F048F798-B16B-4EC0-A0A3-6716B19FE344}.Release|Any CPU.Build.0 = Release|Any CPU
		{F00D3076-85E9-4308-8BB7-C9512EE12CE4}.Debug|Any CPU.ActiveCfg = Debug|Any CPU
		{F00D3076-85E9-4308-8BB7-C9512EE12CE4}.Debug|Any CPU.Build.0 = Debug|Any CPU
		{F00D3076-85E9-4308-8BB7-C9512EE12CE4}.Release|Any CPU.ActiveCfg = Release|Any CPU
		{F00D3076-85E9-4308-8BB7-C9512EE12CE4}.Release|Any CPU.Build.0 = Release|Any CPU
		{F3F27A8A-DFB6-440B-8148-B91BD5817E6F}.Debug|Any CPU.ActiveCfg = Debug|Any CPU
		{F3F27A8A-DFB6-440B-8148-B91BD5817E6F}.Debug|Any CPU.Build.0 = Debug|Any CPU
		{F3F27A8A-DFB6-440B-8148-B91BD5817E6F}.Release|Any CPU.ActiveCfg = Release|Any CPU
		{F3F27A8A-DFB6-440B-8148-B91BD5817E6F}.Release|Any CPU.Build.0 = Release|Any CPU
		{949DD6B9-C84F-445F-83D0-95FEB9395808}.Debug|Any CPU.ActiveCfg = Debug|Any CPU
		{949DD6B9-C84F-445F-83D0-95FEB9395808}.Debug|Any CPU.Build.0 = Debug|Any CPU
		{949DD6B9-C84F-445F-83D0-95FEB9395808}.Release|Any CPU.ActiveCfg = Release|Any CPU
		{949DD6B9-C84F-445F-83D0-95FEB9395808}.Release|Any CPU.Build.0 = Release|Any CPU
		{1F60604F-2506-474A-B661-D55F1D1E38CE}.Debug|Any CPU.ActiveCfg = Debug|Any CPU
		{1F60604F-2506-474A-B661-D55F1D1E38CE}.Debug|Any CPU.Build.0 = Debug|Any CPU
		{1F60604F-2506-474A-B661-D55F1D1E38CE}.Release|Any CPU.ActiveCfg = Release|Any CPU
		{1F60604F-2506-474A-B661-D55F1D1E38CE}.Release|Any CPU.Build.0 = Release|Any CPU
		{3479F2DF-143F-4158-A965-CDB32B8510E4}.Debug|Any CPU.ActiveCfg = Debug|Any CPU
		{3479F2DF-143F-4158-A965-CDB32B8510E4}.Debug|Any CPU.Build.0 = Debug|Any CPU
		{3479F2DF-143F-4158-A965-CDB32B8510E4}.Release|Any CPU.ActiveCfg = Release|Any CPU
		{3479F2DF-143F-4158-A965-CDB32B8510E4}.Release|Any CPU.Build.0 = Release|Any CPU
		{F8645ED4-8C3A-4C88-A0CA-42C6D9F11113}.Debug|Any CPU.ActiveCfg = Debug|Any CPU
		{F8645ED4-8C3A-4C88-A0CA-42C6D9F11113}.Debug|Any CPU.Build.0 = Debug|Any CPU
		{F8645ED4-8C3A-4C88-A0CA-42C6D9F11113}.Release|Any CPU.ActiveCfg = Release|Any CPU
		{F8645ED4-8C3A-4C88-A0CA-42C6D9F11113}.Release|Any CPU.Build.0 = Release|Any CPU
		{A1ADF017-7F42-4EF0-BA4C-F901BB9AB713}.Debug|Any CPU.ActiveCfg = Debug|Any CPU
		{A1ADF017-7F42-4EF0-BA4C-F901BB9AB713}.Debug|Any CPU.Build.0 = Debug|Any CPU
		{A1ADF017-7F42-4EF0-BA4C-F901BB9AB713}.Release|Any CPU.ActiveCfg = Release|Any CPU
		{A1ADF017-7F42-4EF0-BA4C-F901BB9AB713}.Release|Any CPU.Build.0 = Release|Any CPU
	EndGlobalSection
	GlobalSection(SolutionProperties) = preSolution
		HideSolutionNode = FALSE
	EndGlobalSection
	GlobalSection(NestedProjects) = preSolution
		{F048F798-B16B-4EC0-A0A3-6716B19FE344} = {59604AB5-E6A5-4214-9735-C731B132B75B}
		{F00D3076-85E9-4308-8BB7-C9512EE12CE4} = {59604AB5-E6A5-4214-9735-C731B132B75B}
		{F3F27A8A-DFB6-440B-8148-B91BD5817E6F} = {59604AB5-E6A5-4214-9735-C731B132B75B}
		{949DD6B9-C84F-445F-83D0-95FEB9395808} = {3863FE49-B8A9-4876-88D9-1A65C26DD00A}
		{1F60604F-2506-474A-B661-D55F1D1E38CE} = {3863FE49-B8A9-4876-88D9-1A65C26DD00A}
		{3479F2DF-143F-4158-A965-CDB32B8510E4} = {3863FE49-B8A9-4876-88D9-1A65C26DD00A}
		{F8645ED4-8C3A-4C88-A0CA-42C6D9F11113} = {53FAF5CB-C248-4EE3-B185-A5FDBB88483E}
	EndGlobalSection
	GlobalSection(ExtensibilityGlobals) = postSolution
		SolutionGuid = {10B7D96B-6511-421E-83B9-7B4ACED9D301}
	EndGlobalSection
EndGlobal
